
Microsoft Visual Studio Solution File, Format Version 12.00
# Visual Studio 15
VisualStudioVersion = 15.0.27703.2047
MinimumVisualStudioVersion = 10.0.40219.1
Project("{FAE04EC0-301F-11D3-BF4B-00C04F79EFBC}") = "Test", "Test\Test.csproj", "{A4C3704C-6920-4B6A-BB2F-57A08C72E784}"
EndProject
Global
	GlobalSection(SolutionConfigurationPlatforms) = preSolution
		Debug|Any CPU = Debug|Any CPU
		Release|Any CPU = Release|Any CPU
	EndGlobalSection
	GlobalSection(ProjectConfigurationPlatforms) = postSolution
		{A4C3704C-6920-4B6A-BB2F-57A08C72E784}.Debug|Any CPU.ActiveCfg = Debug|Any CPU
		{A4C3704C-6920-4B6A-BB2F-57A08C72E784}.Debug|Any CPU.Build.0 = Debug|Any CPU
		{A4C3704C-6920-4B6A-BB2F-57A08C72E784}.Release|Any CPU.ActiveCfg = Release|Any CPU
		{A4C3704C-6920-4B6A-BB2F-57A08C72E784}.Release|Any CPU.Build.0 = Release|Any CPU
	EndGlobalSection
	GlobalSection(SolutionProperties) = preSolution
		HideSolutionNode = FALSE
	EndGlobalSection
	GlobalSection(ExtensibilityGlobals) = postSolution
		SolutionGuid = {A131F192-3014-4CB7-8541-926C5088E811}
	EndGlobalSection
EndGlobal
