
Microsoft Visual Studio Solution File, Format Version 12.00
# Visual Studio 15
VisualStudioVersion = 15.0.28010.2036
MinimumVisualStudioVersion = 10.0.40219.1
Project("{FAE04EC0-301F-11D3-BF4B-00C04F79EFBC}") = "CoffeeShopApplication", "CoffeeShopApplication\CoffeeShopApplication.csproj", "{EBE9491A-0534-40D6-A6E3-943B42403868}"
EndProject
Global
	GlobalSection(SolutionConfigurationPlatforms) = preSolution
		Debug|Any CPU = Debug|Any CPU
		Release|Any CPU = Release|Any CPU
	EndGlobalSection
	GlobalSection(ProjectConfigurationPlatforms) = postSolution
		{EBE9491A-0534-40D6-A6E3-943B42403868}.Debug|Any CPU.ActiveCfg = Debug|Any CPU
		{EBE9491A-0534-40D6-A6E3-943B42403868}.Debug|Any CPU.Build.0 = Debug|Any CPU
		{EBE9491A-0534-40D6-A6E3-943B42403868}.Release|Any CPU.ActiveCfg = Release|Any CPU
		{EBE9491A-0534-40D6-A6E3-943B42403868}.Release|Any CPU.Build.0 = Release|Any CPU
	EndGlobalSection
	GlobalSection(SolutionProperties) = preSolution
		HideSolutionNode = FALSE
	EndGlobalSection
	GlobalSection(ExtensibilityGlobals) = postSolution
		SolutionGuid = {0A457720-8AD0-4F40-A0C2-E16BAB22E819}
	EndGlobalSection
EndGlobal
