
Microsoft Visual Studio Solution File, Format Version 12.00
# Visual Studio 15
VisualStudioVersion = 15.0.28307.106
MinimumVisualStudioVersion = 10.0.40219.1
Project("{FAE04EC0-301F-11D3-BF4B-00C04F79EFBC}") = "Donut", "Donut\Donut.csproj", "{C6F555E2-15C9-483C-8DA7-8E4A4A187F9E}"
EndProject
Global
	GlobalSection(SolutionConfigurationPlatforms) = preSolution
		Debug|Any CPU = Debug|Any CPU
		Release|Any CPU = Release|Any CPU
	EndGlobalSection
	GlobalSection(ProjectConfigurationPlatforms) = postSolution
		{C6F555E2-15C9-483C-8DA7-8E4A4A187F9E}.Debug|Any CPU.ActiveCfg = Debug|Any CPU
		{C6F555E2-15C9-483C-8DA7-8E4A4A187F9E}.Debug|Any CPU.Build.0 = Debug|Any CPU
		{C6F555E2-15C9-483C-8DA7-8E4A4A187F9E}.Release|Any CPU.ActiveCfg = Release|Any CPU
		{C6F555E2-15C9-483C-8DA7-8E4A4A187F9E}.Release|Any CPU.Build.0 = Release|Any CPU
	EndGlobalSection
	GlobalSection(SolutionProperties) = preSolution
		HideSolutionNode = FALSE
	EndGlobalSection
	GlobalSection(ExtensibilityGlobals) = postSolution
		SolutionGuid = {86FCB739-151F-4490-BC97-30DEED11E2B1}
	EndGlobalSection
EndGlobal
